
Microsoft Visual Studio Solution File, Format Version 12.00
# Visual Studio Version 17
VisualStudioVersion = 17.5.002.0
MinimumVisualStudioVersion = 10.0.40219.1
Project("{9A19103F-16F7-4668-BE54-9A1E7A4F7556}") = "MealPlanner", "MealPlanner.csproj", "{73900389-B71B-4442-86B8-4CE999C8C107}"
EndProject
Global
	GlobalSection(SolutionConfigurationPlatforms) = preSolution
		Debug|Any CPU = Debug|Any CPU
		Release|Any CPU = Release|Any CPU
	EndGlobalSection
	GlobalSection(ProjectConfigurationPlatforms) = postSolution
		{73900389-B71B-4442-86B8-4CE999C8C107}.Debug|Any CPU.ActiveCfg = Debug|Any CPU
		{73900389-B71B-4442-86B8-4CE999C8C107}.Debug|Any CPU.Build.0 = Debug|Any CPU
		{73900389-B71B-4442-86B8-4CE999C8C107}.Release|Any CPU.ActiveCfg = Release|Any CPU
		{73900389-B71B-4442-86B8-4CE999C8C107}.Release|Any CPU.Build.0 = Release|Any CPU
	EndGlobalSection
	GlobalSection(SolutionProperties) = preSolution
		HideSolutionNode = FALSE
	EndGlobalSection
	GlobalSection(ExtensibilityGlobals) = postSolution
		SolutionGuid = {D9495632-F57D-406F-B808-C3BC5B41BB72}
	EndGlobalSection
EndGlobal
